
Microsoft Visual Studio Solution File, Format Version 12.00
# Visual Studio Version 17
VisualStudioVersion = 17.5.002.0
MinimumVisualStudioVersion = 10.0.40219.1
Project("{9A19103F-16F7-4668-BE54-9A1E7A4F7556}") = "calculadora_plus", "calculadora_plus.csproj", "{D186C870-4384-4B05-95A2-276AD321BE7A}"
EndProject
Global
	GlobalSection(SolutionConfigurationPlatforms) = preSolution
		Debug|Any CPU = Debug|Any CPU
		Release|Any CPU = Release|Any CPU
	EndGlobalSection
	GlobalSection(ProjectConfigurationPlatforms) = postSolution
		{D186C870-4384-4B05-95A2-276AD321BE7A}.Debug|Any CPU.ActiveCfg = Debug|Any CPU
		{D186C870-4384-4B05-95A2-276AD321BE7A}.Debug|Any CPU.Build.0 = Debug|Any CPU
		{D186C870-4384-4B05-95A2-276AD321BE7A}.Release|Any CPU.ActiveCfg = Release|Any CPU
		{D186C870-4384-4B05-95A2-276AD321BE7A}.Release|Any CPU.Build.0 = Release|Any CPU
	EndGlobalSection
	GlobalSection(SolutionProperties) = preSolution
		HideSolutionNode = FALSE
	EndGlobalSection
	GlobalSection(ExtensibilityGlobals) = postSolution
		SolutionGuid = {06C7D11D-0076-4715-9985-F64D6993F6C8}
	EndGlobalSection
EndGlobal
